// !$*UTF8*$!
{
	archiveVersion = 1;
	classes = {
	};
	objectVersion = 46;
	objects = {

/* Begin PBXBuildFile section */
		1F2CBF5E1B8D0EA600F23B59 /* HomeworkEntryViewController.m in Sources */ = {isa = PBXBuildFile; fileRef = 1F2CBF5D1B8D0EA600F23B59 /* HomeworkEntryViewController.m */; };
		1F2CBF611B8D155A00F23B59 /* EssaysEntryViewController.m in Sources */ = {isa = PBXBuildFile; fileRef = 1F2CBF601B8D155A00F23B59 /* EssaysEntryViewController.m */; };
		1F2CBF641B8D15C900F23B59 /* EssayWorkDivideTypeTableViewDataSource.m in Sources */ = {isa = PBXBuildFile; fileRef = 1F2CBF631B8D15C900F23B59 /* EssayWorkDivideTypeTableViewDataSource.m */; };
		1F2CBF671B8D393500F23B59 /* ProjectEntryViewController.m in Sources */ = {isa = PBXBuildFile; fileRef = 1F2CBF661B8D393500F23B59 /* ProjectEntryViewController.m */; };
		1F2CBF6A1B8E13D600F23B59 /* TestsEntryViewController.m in Sources */ = {isa = PBXBuildFile; fileRef = 1F2CBF691B8E13D600F23B59 /* TestsEntryViewController.m */; };
		1F2CBF6D1B8E190400F23B59 /* ChoresEntryViewController.m in Sources */ = {isa = PBXBuildFile; fileRef = 1F2CBF6C1B8E190400F23B59 /* ChoresEntryViewController.m */; };
		1F2CBF701B8E3E4F00F23B59 /* PracticeEntryViewController.m in Sources */ = {isa = PBXBuildFile; fileRef = 1F2CBF6F1B8E3E4F00F23B59 /* PracticeEntryViewController.m */; };
		1F2CBF731B8E4BB200F23B59 /* OtherEntryViewController.m in Sources */ = {isa = PBXBuildFile; fileRef = 1F2CBF721B8E4BB200F23B59 /* OtherEntryViewController.m */; };
		1F2CBF761B8E552B00F23B59 /* Model.xcdatamodeld in Sources */ = {isa = PBXBuildFile; fileRef = 1F2CBF741B8E552B00F23B59 /* Model.xcdatamodeld */; };
		1F2CBF7D1B8E75F400F23B59 /* WorkTypePickerViewDataSource.m in Sources */ = {isa = PBXBuildFile; fileRef = 1F2CBF7C1B8E75F400F23B59 /* WorkTypePickerViewDataSource.m */; };
		1F2CBF801B8F6D2800F23B59 /* WorkDividePickerViewDataSource.m in Sources */ = {isa = PBXBuildFile; fileRef = 1F2CBF7F1B8F6D2800F23B59 /* WorkDividePickerViewDataSource.m */; };
		1F2CBF8E1B8F7EBC00F23B59 /* Task.m in Sources */ = {isa = PBXBuildFile; fileRef = 1F2CBF8D1B8F7EBC00F23B59 /* Task.m */; };
		1F2CBF921B8F7F8700F23B59 /* EntryController.m in Sources */ = {isa = PBXBuildFile; fileRef = 1F2CBF911B8F7F8700F23B59 /* EntryController.m */; };
		1F2CBF961B8F841500F23B59 /* Stack.m in Sources */ = {isa = PBXBuildFile; fileRef = 1F2CBF951B8F841500F23B59 /* Stack.m */; };
		1F2CBF9C1B8F878F00F23B59 /* Entry.m in Sources */ = {isa = PBXBuildFile; fileRef = 1F2CBF9B1B8F878F00F23B59 /* Entry.m */; };
		1F2CBFA81B92347D00F23B59 /* EssayTasksTableViewDataSource.m in Sources */ = {isa = PBXBuildFile; fileRef = 1F2CBFA71B92347D00F23B59 /* EssayTasksTableViewDataSource.m */; };
		1F2CBFAB1B9234D500F23B59 /* TasksTableViewCell.m in Sources */ = {isa = PBXBuildFile; fileRef = 1F2CBFAA1B9234D500F23B59 /* TasksTableViewCell.m */; };
		1F65B8861B94E57E0045715F /* ProjectTaskTableViewDataSource.m in Sources */ = {isa = PBXBuildFile; fileRef = 1F65B8851B94E57E0045715F /* ProjectTaskTableViewDataSource.m */; };
		1F65B8891B94F3AC0045715F /* TestsTasksTableViewDataSource.m in Sources */ = {isa = PBXBuildFile; fileRef = 1F65B8881B94F3AC0045715F /* TestsTasksTableViewDataSource.m */; };
		1F65B88C1B94F7D50045715F /* ChoresTaskTableViewDataSource.m in Sources */ = {isa = PBXBuildFile; fileRef = 1F65B88B1B94F7D50045715F /* ChoresTaskTableViewDataSource.m */; };
		1FFB8E351B8BBCD000042907 /* main.m in Sources */ = {isa = PBXBuildFile; fileRef = 1FFB8E341B8BBCD000042907 /* main.m */; };
		1FFB8E381B8BBCD000042907 /* AppDelegate.m in Sources */ = {isa = PBXBuildFile; fileRef = 1FFB8E371B8BBCD000042907 /* AppDelegate.m */; };
		1FFB8E3E1B8BBCD000042907 /* MainScreenViewController.m in Sources */ = {isa = PBXBuildFile; fileRef = 1FFB8E3D1B8BBCD000042907 /* MainScreenViewController.m */; };
		1FFB8E411B8BBCD000042907 /* Main.storyboard in Resources */ = {isa = PBXBuildFile; fileRef = 1FFB8E3F1B8BBCD000042907 /* Main.storyboard */; };
		1FFB8E431B8BBCD000042907 /* Images.xcassets in Resources */ = {isa = PBXBuildFile; fileRef = 1FFB8E421B8BBCD000042907 /* Images.xcassets */; };
		1FFB8E461B8BBCD100042907 /* LaunchScreen.xib in Resources */ = {isa = PBXBuildFile; fileRef = 1FFB8E441B8BBCD100042907 /* LaunchScreen.xib */; };
		1FFB8E521B8BBCD100042907 /* Due_DatesTests.m in Sources */ = {isa = PBXBuildFile; fileRef = 1FFB8E511B8BBCD100042907 /* Due_DatesTests.m */; };
		1FFB8E691B8BC28B00042907 /* FAQTableViewDataSource.m in Sources */ = {isa = PBXBuildFile; fileRef = 1FFB8E621B8BC28B00042907 /* FAQTableViewDataSource.m */; };
		1FFB8E6A1B8BC28B00042907 /* FAQDetailViewController.m in Sources */ = {isa = PBXBuildFile; fileRef = 1FFB8E641B8BC28B00042907 /* FAQDetailViewController.m */; };
		1FFB8E6B1B8BC28B00042907 /* FAQViewController.m in Sources */ = {isa = PBXBuildFile; fileRef = 1FFB8E661B8BC28B00042907 /* FAQViewController.m */; };
		1FFB8E6C1B8BC28B00042907 /* FAQs.m in Sources */ = {isa = PBXBuildFile; fileRef = 1FFB8E681B8BC28B00042907 /* FAQs.m */; };
		1FFB8E711B8BC7BD00042907 /* MainScreenTableViewDataSource.m in Sources */ = {isa = PBXBuildFile; fileRef = 1FFB8E701B8BC7BD00042907 /* MainScreenTableViewDataSource.m */; };
		1FFB8E741B8BCA1B00042907 /* NewEntryTableViewCell.m in Sources */ = {isa = PBXBuildFile; fileRef = 1FFB8E731B8BCA1B00042907 /* NewEntryTableViewCell.m */; };
		1FFB8E771B8BD1EF00042907 /* LabelAndSublabelTableViewCell.m in Sources */ = {isa = PBXBuildFile; fileRef = 1FFB8E761B8BD1EF00042907 /* LabelAndSublabelTableViewCell.m */; };
		1FFB8E7B1B8BD5E800042907 /* NewEntryViewController.m in Sources */ = {isa = PBXBuildFile; fileRef = 1FFB8E7A1B8BD5E800042907 /* NewEntryViewController.m */; };
/* End PBXBuildFile section */

/* Begin PBXContainerItemProxy section */
		1FFB8E4C1B8BBCD100042907 /* PBXContainerItemProxy */ = {
			isa = PBXContainerItemProxy;
			containerPortal = 1FFB8E271B8BBCD000042907 /* Project object */;
			proxyType = 1;
			remoteGlobalIDString = 1FFB8E2E1B8BBCD000042907;
			remoteInfo = "Due-Dates";
		};
/* End PBXContainerItemProxy section */

/* Begin PBXFileReference section */
		1F2CBF5C1B8D0EA600F23B59 /* HomeworkEntryViewController.h */ = {isa = PBXFileReference; fileEncoding = 4; lastKnownFileType = sourcecode.c.h; path = HomeworkEntryViewController.h; sourceTree = "<group>"; };
		1F2CBF5D1B8D0EA600F23B59 /* HomeworkEntryViewController.m */ = {isa = PBXFileReference; fileEncoding = 4; lastKnownFileType = sourcecode.c.objc; path = HomeworkEntryViewController.m; sourceTree = "<group>"; };
		1F2CBF5F1B8D155A00F23B59 /* EssaysEntryViewController.h */ = {isa = PBXFileReference; fileEncoding = 4; lastKnownFileType = sourcecode.c.h; path = EssaysEntryViewController.h; sourceTree = "<group>"; };
		1F2CBF601B8D155A00F23B59 /* EssaysEntryViewController.m */ = {isa = PBXFileReference; fileEncoding = 4; lastKnownFileType = sourcecode.c.objc; path = EssaysEntryViewController.m; sourceTree = "<group>"; };
		1F2CBF621B8D15C900F23B59 /* EssayWorkDivideTypeTableViewDataSource.h */ = {isa = PBXFileReference; fileEncoding = 4; lastKnownFileType = sourcecode.c.h; path = EssayWorkDivideTypeTableViewDataSource.h; sourceTree = "<group>"; };
		1F2CBF631B8D15C900F23B59 /* EssayWorkDivideTypeTableViewDataSource.m */ = {isa = PBXFileReference; fileEncoding = 4; lastKnownFileType = sourcecode.c.objc; path = EssayWorkDivideTypeTableViewDataSource.m; sourceTree = "<group>"; };
		1F2CBF651B8D393500F23B59 /* ProjectEntryViewController.h */ = {isa = PBXFileReference; fileEncoding = 4; lastKnownFileType = sourcecode.c.h; name = ProjectEntryViewController.h; path = ../ProjectEntryViewController.h; sourceTree = "<group>"; };
		1F2CBF661B8D393500F23B59 /* ProjectEntryViewController.m */ = {isa = PBXFileReference; fileEncoding = 4; lastKnownFileType = sourcecode.c.objc; name = ProjectEntryViewController.m; path = ../ProjectEntryViewController.m; sourceTree = "<group>"; };
		1F2CBF681B8E13D600F23B59 /* TestsEntryViewController.h */ = {isa = PBXFileReference; fileEncoding = 4; lastKnownFileType = sourcecode.c.h; path = TestsEntryViewController.h; sourceTree = "<group>"; };
		1F2CBF691B8E13D600F23B59 /* TestsEntryViewController.m */ = {isa = PBXFileReference; fileEncoding = 4; lastKnownFileType = sourcecode.c.objc; path = TestsEntryViewController.m; sourceTree = "<group>"; };
		1F2CBF6B1B8E190400F23B59 /* ChoresEntryViewController.h */ = {isa = PBXFileReference; fileEncoding = 4; lastKnownFileType = sourcecode.c.h; path = ChoresEntryViewController.h; sourceTree = "<group>"; };
		1F2CBF6C1B8E190400F23B59 /* ChoresEntryViewController.m */ = {isa = PBXFileReference; fileEncoding = 4; lastKnownFileType = sourcecode.c.objc; path = ChoresEntryViewController.m; sourceTree = "<group>"; };
		1F2CBF6E1B8E3E4F00F23B59 /* PracticeEntryViewController.h */ = {isa = PBXFileReference; fileEncoding = 4; lastKnownFileType = sourcecode.c.h; path = PracticeEntryViewController.h; sourceTree = "<group>"; };
		1F2CBF6F1B8E3E4F00F23B59 /* PracticeEntryViewController.m */ = {isa = PBXFileReference; fileEncoding = 4; lastKnownFileType = sourcecode.c.objc; path = PracticeEntryViewController.m; sourceTree = "<group>"; };
		1F2CBF711B8E4BB200F23B59 /* OtherEntryViewController.h */ = {isa = PBXFileReference; fileEncoding = 4; lastKnownFileType = sourcecode.c.h; path = OtherEntryViewController.h; sourceTree = "<group>"; };
		1F2CBF721B8E4BB200F23B59 /* OtherEntryViewController.m */ = {isa = PBXFileReference; fileEncoding = 4; lastKnownFileType = sourcecode.c.objc; path = OtherEntryViewController.m; sourceTree = "<group>"; };
		1F2CBF751B8E552B00F23B59 /* Model.xcdatamodel */ = {isa = PBXFileReference; lastKnownFileType = wrapper.xcdatamodel; path = Model.xcdatamodel; sourceTree = "<group>"; };
		1F2CBF7B1B8E75F400F23B59 /* WorkTypePickerViewDataSource.h */ = {isa = PBXFileReference; fileEncoding = 4; lastKnownFileType = sourcecode.c.h; path = WorkTypePickerViewDataSource.h; sourceTree = "<group>"; };
		1F2CBF7C1B8E75F400F23B59 /* WorkTypePickerViewDataSource.m */ = {isa = PBXFileReference; fileEncoding = 4; lastKnownFileType = sourcecode.c.objc; path = WorkTypePickerViewDataSource.m; sourceTree = "<group>"; };
		1F2CBF7E1B8F6D2800F23B59 /* WorkDividePickerViewDataSource.h */ = {isa = PBXFileReference; fileEncoding = 4; lastKnownFileType = sourcecode.c.h; path = WorkDividePickerViewDataSource.h; sourceTree = "<group>"; };
		1F2CBF7F1B8F6D2800F23B59 /* WorkDividePickerViewDataSource.m */ = {isa = PBXFileReference; fileEncoding = 4; lastKnownFileType = sourcecode.c.objc; path = WorkDividePickerViewDataSource.m; sourceTree = "<group>"; };
		1F2CBF8C1B8F7EBC00F23B59 /* Task.h */ = {isa = PBXFileReference; fileEncoding = 4; lastKnownFileType = sourcecode.c.h; name = Task.h; path = ../Task.h; sourceTree = "<group>"; };
		1F2CBF8D1B8F7EBC00F23B59 /* Task.m */ = {isa = PBXFileReference; fileEncoding = 4; lastKnownFileType = sourcecode.c.objc; name = Task.m; path = ../Task.m; sourceTree = "<group>"; };
		1F2CBF901B8F7F8700F23B59 /* EntryController.h */ = {isa = PBXFileReference; fileEncoding = 4; lastKnownFileType = sourcecode.c.h; path = EntryController.h; sourceTree = "<group>"; };
		1F2CBF911B8F7F8700F23B59 /* EntryController.m */ = {isa = PBXFileReference; fileEncoding = 4; lastKnownFileType = sourcecode.c.objc; path = EntryController.m; sourceTree = "<group>"; };
		1F2CBF941B8F841500F23B59 /* Stack.h */ = {isa = PBXFileReference; fileEncoding = 4; lastKnownFileType = sourcecode.c.h; path = Stack.h; sourceTree = "<group>"; };
		1F2CBF951B8F841500F23B59 /* Stack.m */ = {isa = PBXFileReference; fileEncoding = 4; lastKnownFileType = sourcecode.c.objc; path = Stack.m; sourceTree = "<group>"; };
		1F2CBF9A1B8F878F00F23B59 /* Entry.h */ = {isa = PBXFileReference; fileEncoding = 4; lastKnownFileType = sourcecode.c.h; name = Entry.h; path = ../Entry.h; sourceTree = "<group>"; };
		1F2CBF9B1B8F878F00F23B59 /* Entry.m */ = {isa = PBXFileReference; fileEncoding = 4; lastKnownFileType = sourcecode.c.objc; name = Entry.m; path = ../Entry.m; sourceTree = "<group>"; };
		1F2CBFA61B92347D00F23B59 /* EssayTasksTableViewDataSource.h */ = {isa = PBXFileReference; fileEncoding = 4; lastKnownFileType = sourcecode.c.h; path = EssayTasksTableViewDataSource.h; sourceTree = "<group>"; };
		1F2CBFA71B92347D00F23B59 /* EssayTasksTableViewDataSource.m */ = {isa = PBXFileReference; fileEncoding = 4; lastKnownFileType = sourcecode.c.objc; path = EssayTasksTableViewDataSource.m; sourceTree = "<group>"; };
		1F2CBFA91B9234D500F23B59 /* TasksTableViewCell.h */ = {isa = PBXFileReference; fileEncoding = 4; lastKnownFileType = sourcecode.c.h; path = TasksTableViewCell.h; sourceTree = "<group>"; };
		1F2CBFAA1B9234D500F23B59 /* TasksTableViewCell.m */ = {isa = PBXFileReference; fileEncoding = 4; lastKnownFileType = sourcecode.c.objc; path = TasksTableViewCell.m; sourceTree = "<group>"; };
		1F65B8841B94E57E0045715F /* ProjectTaskTableViewDataSource.h */ = {isa = PBXFileReference; fileEncoding = 4; lastKnownFileType = sourcecode.c.h; path = ProjectTaskTableViewDataSource.h; sourceTree = "<group>"; };
		1F65B8851B94E57E0045715F /* ProjectTaskTableViewDataSource.m */ = {isa = PBXFileReference; fileEncoding = 4; lastKnownFileType = sourcecode.c.objc; path = ProjectTaskTableViewDataSource.m; sourceTree = "<group>"; };
		1F65B8871B94F3AC0045715F /* TestsTasksTableViewDataSource.h */ = {isa = PBXFileReference; fileEncoding = 4; lastKnownFileType = sourcecode.c.h; path = TestsTasksTableViewDataSource.h; sourceTree = "<group>"; };
		1F65B8881B94F3AC0045715F /* TestsTasksTableViewDataSource.m */ = {isa = PBXFileReference; fileEncoding = 4; lastKnownFileType = sourcecode.c.objc; path = TestsTasksTableViewDataSource.m; sourceTree = "<group>"; };
		1F65B88A1B94F7D50045715F /* ChoresTaskTableViewDataSource.h */ = {isa = PBXFileReference; fileEncoding = 4; lastKnownFileType = sourcecode.c.h; path = ChoresTaskTableViewDataSource.h; sourceTree = "<group>"; };
		1F65B88B1B94F7D50045715F /* ChoresTaskTableViewDataSource.m */ = {isa = PBXFileReference; fileEncoding = 4; lastKnownFileType = sourcecode.c.objc; path = ChoresTaskTableViewDataSource.m; sourceTree = "<group>"; };
		1F65B88D1B95002A0045715F /* Entry.h */ = {isa = PBXFileReference; fileEncoding = 4; lastKnownFileType = sourcecode.c.h; path = Entry.h; sourceTree = "<group>"; };
		1FFB8E2F1B8BBCD000042907 /* Due-Dates.app */ = {isa = PBXFileReference; explicitFileType = wrapper.application; includeInIndex = 0; path = "Due-Dates.app"; sourceTree = BUILT_PRODUCTS_DIR; };
		1FFB8E331B8BBCD000042907 /* Info.plist */ = {isa = PBXFileReference; lastKnownFileType = text.plist.xml; path = Info.plist; sourceTree = "<group>"; };
		1FFB8E341B8BBCD000042907 /* main.m */ = {isa = PBXFileReference; lastKnownFileType = sourcecode.c.objc; path = main.m; sourceTree = "<group>"; };
		1FFB8E361B8BBCD000042907 /* AppDelegate.h */ = {isa = PBXFileReference; lastKnownFileType = sourcecode.c.h; path = AppDelegate.h; sourceTree = "<group>"; };
		1FFB8E371B8BBCD000042907 /* AppDelegate.m */ = {isa = PBXFileReference; lastKnownFileType = sourcecode.c.objc; path = AppDelegate.m; sourceTree = "<group>"; };
		1FFB8E3C1B8BBCD000042907 /* MainScreenViewController.h */ = {isa = PBXFileReference; lastKnownFileType = sourcecode.c.h; path = MainScreenViewController.h; sourceTree = "<group>"; };
		1FFB8E3D1B8BBCD000042907 /* MainScreenViewController.m */ = {isa = PBXFileReference; lastKnownFileType = sourcecode.c.objc; path = MainScreenViewController.m; sourceTree = "<group>"; };
		1FFB8E401B8BBCD000042907 /* Base */ = {isa = PBXFileReference; lastKnownFileType = file.storyboard; name = Base; path = Base.lproj/Main.storyboard; sourceTree = "<group>"; };
		1FFB8E421B8BBCD000042907 /* Images.xcassets */ = {isa = PBXFileReference; lastKnownFileType = folder.assetcatalog; path = Images.xcassets; sourceTree = "<group>"; };
		1FFB8E451B8BBCD100042907 /* Base */ = {isa = PBXFileReference; lastKnownFileType = file.xib; name = Base; path = Base.lproj/LaunchScreen.xib; sourceTree = "<group>"; };
		1FFB8E4B1B8BBCD100042907 /* Due-DatesTests.xctest */ = {isa = PBXFileReference; explicitFileType = wrapper.cfbundle; includeInIndex = 0; path = "Due-DatesTests.xctest"; sourceTree = BUILT_PRODUCTS_DIR; };
		1FFB8E501B8BBCD100042907 /* Info.plist */ = {isa = PBXFileReference; lastKnownFileType = text.plist.xml; path = Info.plist; sourceTree = "<group>"; };
		1FFB8E511B8BBCD100042907 /* Due_DatesTests.m */ = {isa = PBXFileReference; lastKnownFileType = sourcecode.c.objc; path = Due_DatesTests.m; sourceTree = "<group>"; };
		1FFB8E611B8BC28B00042907 /* FAQTableViewDataSource.h */ = {isa = PBXFileReference; fileEncoding = 4; lastKnownFileType = sourcecode.c.h; path = FAQTableViewDataSource.h; sourceTree = "<group>"; };
		1FFB8E621B8BC28B00042907 /* FAQTableViewDataSource.m */ = {isa = PBXFileReference; fileEncoding = 4; lastKnownFileType = sourcecode.c.objc; path = FAQTableViewDataSource.m; sourceTree = "<group>"; };
		1FFB8E631B8BC28B00042907 /* FAQDetailViewController.h */ = {isa = PBXFileReference; fileEncoding = 4; lastKnownFileType = sourcecode.c.h; path = FAQDetailViewController.h; sourceTree = "<group>"; };
		1FFB8E641B8BC28B00042907 /* FAQDetailViewController.m */ = {isa = PBXFileReference; fileEncoding = 4; lastKnownFileType = sourcecode.c.objc; path = FAQDetailViewController.m; sourceTree = "<group>"; };
		1FFB8E651B8BC28B00042907 /* FAQViewController.h */ = {isa = PBXFileReference; fileEncoding = 4; lastKnownFileType = sourcecode.c.h; path = FAQViewController.h; sourceTree = "<group>"; };
		1FFB8E661B8BC28B00042907 /* FAQViewController.m */ = {isa = PBXFileReference; fileEncoding = 4; lastKnownFileType = sourcecode.c.objc; path = FAQViewController.m; sourceTree = "<group>"; };
		1FFB8E671B8BC28B00042907 /* FAQs.h */ = {isa = PBXFileReference; fileEncoding = 4; lastKnownFileType = sourcecode.c.h; path = FAQs.h; sourceTree = "<group>"; };
		1FFB8E681B8BC28B00042907 /* FAQs.m */ = {isa = PBXFileReference; fileEncoding = 4; lastKnownFileType = sourcecode.c.objc; path = FAQs.m; sourceTree = "<group>"; };
		1FFB8E6F1B8BC7BD00042907 /* MainScreenTableViewDataSource.h */ = {isa = PBXFileReference; fileEncoding = 4; lastKnownFileType = sourcecode.c.h; path = MainScreenTableViewDataSource.h; sourceTree = "<group>"; };
		1FFB8E701B8BC7BD00042907 /* MainScreenTableViewDataSource.m */ = {isa = PBXFileReference; fileEncoding = 4; lastKnownFileType = sourcecode.c.objc; path = MainScreenTableViewDataSource.m; sourceTree = "<group>"; };
		1FFB8E721B8BCA1B00042907 /* NewEntryTableViewCell.h */ = {isa = PBXFileReference; fileEncoding = 4; lastKnownFileType = sourcecode.c.h; path = NewEntryTableViewCell.h; sourceTree = "<group>"; };
		1FFB8E731B8BCA1B00042907 /* NewEntryTableViewCell.m */ = {isa = PBXFileReference; fileEncoding = 4; lastKnownFileType = sourcecode.c.objc; path = NewEntryTableViewCell.m; sourceTree = "<group>"; };
		1FFB8E751B8BD1EF00042907 /* LabelAndSublabelTableViewCell.h */ = {isa = PBXFileReference; fileEncoding = 4; lastKnownFileType = sourcecode.c.h; path = LabelAndSublabelTableViewCell.h; sourceTree = "<group>"; };
		1FFB8E761B8BD1EF00042907 /* LabelAndSublabelTableViewCell.m */ = {isa = PBXFileReference; fileEncoding = 4; lastKnownFileType = sourcecode.c.objc; path = LabelAndSublabelTableViewCell.m; sourceTree = "<group>"; };
		1FFB8E791B8BD5E800042907 /* NewEntryViewController.h */ = {isa = PBXFileReference; fileEncoding = 4; lastKnownFileType = sourcecode.c.h; path = NewEntryViewController.h; sourceTree = "<group>"; };
		1FFB8E7A1B8BD5E800042907 /* NewEntryViewController.m */ = {isa = PBXFileReference; fileEncoding = 4; lastKnownFileType = sourcecode.c.objc; path = NewEntryViewController.m; sourceTree = "<group>"; };
/* End PBXFileReference section */

/* Begin PBXFrameworksBuildPhase section */
		1FFB8E2C1B8BBCD000042907 /* Frameworks */ = {
			isa = PBXFrameworksBuildPhase;
			buildActionMask = 2147483647;
			files = (
			);
			runOnlyForDeploymentPostprocessing = 0;
		};
		1FFB8E481B8BBCD100042907 /* Frameworks */ = {
			isa = PBXFrameworksBuildPhase;
			buildActionMask = 2147483647;
			files = (
			);
			runOnlyForDeploymentPostprocessing = 0;
		};
/* End PBXFrameworksBuildPhase section */

/* Begin PBXGroup section */
		1F2CBF551B8D0DB300F23B59 /* Homework Entry View Controller */ = {
			isa = PBXGroup;
			children = (
				1F2CBF5C1B8D0EA600F23B59 /* HomeworkEntryViewController.h */,
				1F2CBF5D1B8D0EA600F23B59 /* HomeworkEntryViewController.m */,
			);
			name = "Homework Entry View Controller";
			sourceTree = "<group>";
		};
		1F2CBF561B8D0DCC00F23B59 /* Essays Entry View Controller */ = {
			isa = PBXGroup;
			children = (
				1F2CBF5F1B8D155A00F23B59 /* EssaysEntryViewController.h */,
				1F2CBF601B8D155A00F23B59 /* EssaysEntryViewController.m */,
				1F2CBF621B8D15C900F23B59 /* EssayWorkDivideTypeTableViewDataSource.h */,
				1F2CBF631B8D15C900F23B59 /* EssayWorkDivideTypeTableViewDataSource.m */,
				1F2CBFA61B92347D00F23B59 /* EssayTasksTableViewDataSource.h */,
				1F2CBFA71B92347D00F23B59 /* EssayTasksTableViewDataSource.m */,
			);
			name = "Essays Entry View Controller";
			sourceTree = "<group>";
		};
		1F2CBF571B8D0DEB00F23B59 /* Projects Entry View Controller */ = {
			isa = PBXGroup;
			children = (
				1F2CBF651B8D393500F23B59 /* ProjectEntryViewController.h */,
				1F2CBF661B8D393500F23B59 /* ProjectEntryViewController.m */,
				1F65B8841B94E57E0045715F /* ProjectTaskTableViewDataSource.h */,
				1F65B8851B94E57E0045715F /* ProjectTaskTableViewDataSource.m */,
			);
			name = "Projects Entry View Controller";
			sourceTree = "<group>";
		};
		1F2CBF581B8D0E1200F23B59 /* Tests Entry View Controller */ = {
			isa = PBXGroup;
			children = (
				1F2CBF681B8E13D600F23B59 /* TestsEntryViewController.h */,
				1F2CBF691B8E13D600F23B59 /* TestsEntryViewController.m */,
				1F65B8871B94F3AC0045715F /* TestsTasksTableViewDataSource.h */,
				1F65B8881B94F3AC0045715F /* TestsTasksTableViewDataSource.m */,
			);
			name = "Tests Entry View Controller";
			sourceTree = "<group>";
		};
		1F2CBF591B8D0E2600F23B59 /* Chores Entry View Controller */ = {
			isa = PBXGroup;
			children = (
				1F2CBF6B1B8E190400F23B59 /* ChoresEntryViewController.h */,
				1F2CBF6C1B8E190400F23B59 /* ChoresEntryViewController.m */,
				1F65B88A1B94F7D50045715F /* ChoresTaskTableViewDataSource.h */,
				1F65B88B1B94F7D50045715F /* ChoresTaskTableViewDataSource.m */,
			);
			name = "Chores Entry View Controller";
			sourceTree = "<group>";
		};
		1F2CBF5A1B8D0E3000F23B59 /* Practice Entry View Controller */ = {
			isa = PBXGroup;
			children = (
				1F2CBF6E1B8E3E4F00F23B59 /* PracticeEntryViewController.h */,
				1F2CBF6F1B8E3E4F00F23B59 /* PracticeEntryViewController.m */,
			);
			name = "Practice Entry View Controller";
			sourceTree = "<group>";
		};
		1F2CBF5B1B8D0E3900F23B59 /* Other Entry View Controller */ = {
			isa = PBXGroup;
			children = (
				1F2CBF711B8E4BB200F23B59 /* OtherEntryViewController.h */,
				1F2CBF721B8E4BB200F23B59 /* OtherEntryViewController.m */,
			);
			name = "Other Entry View Controller";
			sourceTree = "<group>";
		};
		1F2CBF871B8F7D4200F23B59 /* Entry Model */ = {
			isa = PBXGroup;
			children = (
				1F2CBF9A1B8F878F00F23B59 /* Entry.h */,
				1F2CBF9B1B8F878F00F23B59 /* Entry.m */,
			);
			name = "Entry Model";
			sourceTree = "<group>";
		};
		1F2CBF881B8F7D4B00F23B59 /* Task Model */ = {
			isa = PBXGroup;
			children = (
				1F2CBF8C1B8F7EBC00F23B59 /* Task.h */,
				1F2CBF8D1B8F7EBC00F23B59 /* Task.m */,
				1F2CBFA91B9234D500F23B59 /* TasksTableViewCell.h */,
				1F2CBFAA1B9234D500F23B59 /* TasksTableViewCell.m */,
			);
			name = "Task Model";
			sourceTree = "<group>";
		};
		1F2CBF8F1B8F7F6D00F23B59 /* Entry Controller */ = {
			isa = PBXGroup;
			children = (
				1F2CBF901B8F7F8700F23B59 /* EntryController.h */,
				1F2CBF911B8F7F8700F23B59 /* EntryController.m */,
			);
			name = "Entry Controller";
			sourceTree = "<group>";
		};
		1F2CBF931B8F840400F23B59 /* Stack */ = {
			isa = PBXGroup;
			children = (
				1F2CBF941B8F841500F23B59 /* Stack.h */,
				1F2CBF951B8F841500F23B59 /* Stack.m */,
			);
			name = Stack;
			path = "Due-DatesTests";
			sourceTree = SOURCE_ROOT;
		};
		1FFB8E261B8BBCD000042907 = {
			isa = PBXGroup;
			children = (
				1F65B88D1B95002A0045715F /* Entry.h */,
				1FFB8E311B8BBCD000042907 /* Due-Dates */,
				1FFB8E4E1B8BBCD100042907 /* Due-DatesTests */,
				1FFB8E301B8BBCD000042907 /* Products */,
			);
			sourceTree = "<group>";
		};
		1FFB8E301B8BBCD000042907 /* Products */ = {
			isa = PBXGroup;
			children = (
				1FFB8E2F1B8BBCD000042907 /* Due-Dates.app */,
				1FFB8E4B1B8BBCD100042907 /* Due-DatesTests.xctest */,
			);
			name = Products;
			sourceTree = "<group>";
		};
		1FFB8E311B8BBCD000042907 /* Due-Dates */ = {
			isa = PBXGroup;
			children = (
				1FFB8E361B8BBCD000042907 /* AppDelegate.h */,
				1FFB8E371B8BBCD000042907 /* AppDelegate.m */,
				1F2CBF551B8D0DB300F23B59 /* Homework Entry View Controller */,
				1F2CBF561B8D0DCC00F23B59 /* Essays Entry View Controller */,
				1F2CBF571B8D0DEB00F23B59 /* Projects Entry View Controller */,
				1F2CBF581B8D0E1200F23B59 /* Tests Entry View Controller */,
				1F2CBF591B8D0E2600F23B59 /* Chores Entry View Controller */,
				1F2CBF5A1B8D0E3000F23B59 /* Practice Entry View Controller */,
				1F2CBF5B1B8D0E3900F23B59 /* Other Entry View Controller */,
				1FFB8E781B8BD5B300042907 /* New Entry View Controllers */,
				1FFB8E6E1B8BC78400042907 /* Main Screen */,
				1FFB8E6D1B8BC29900042907 /* FAQ's */,
				1F2CBF881B8F7D4B00F23B59 /* Task Model */,
				1F2CBF871B8F7D4200F23B59 /* Entry Model */,
				1F2CBF8F1B8F7F6D00F23B59 /* Entry Controller */,
				1F2CBF931B8F840400F23B59 /* Stack */,
				1FFB8E3F1B8BBCD000042907 /* Main.storyboard */,
				1FFB8E421B8BBCD000042907 /* Images.xcassets */,
				1FFB8E441B8BBCD100042907 /* LaunchScreen.xib */,
				1F2CBF741B8E552B00F23B59 /* Model.xcdatamodeld */,
				1FFB8E321B8BBCD000042907 /* Supporting Files */,
			);
			path = "Due-Dates";
			sourceTree = "<group>";
		};
		1FFB8E321B8BBCD000042907 /* Supporting Files */ = {
			isa = PBXGroup;
			children = (
				1FFB8E331B8BBCD000042907 /* Info.plist */,
				1FFB8E341B8BBCD000042907 /* main.m */,
			);
			name = "Supporting Files";
			sourceTree = "<group>";
		};
		1FFB8E4E1B8BBCD100042907 /* Due-DatesTests */ = {
			isa = PBXGroup;
			children = (
				1FFB8E511B8BBCD100042907 /* Due_DatesTests.m */,
				1FFB8E4F1B8BBCD100042907 /* Supporting Files */,
			);
			path = "Due-DatesTests";
			sourceTree = "<group>";
		};
		1FFB8E4F1B8BBCD100042907 /* Supporting Files */ = {
			isa = PBXGroup;
			children = (
				1FFB8E501B8BBCD100042907 /* Info.plist */,
			);
			name = "Supporting Files";
			sourceTree = "<group>";
		};
		1FFB8E6D1B8BC29900042907 /* FAQ's */ = {
			isa = PBXGroup;
			children = (
				1FFB8E611B8BC28B00042907 /* FAQTableViewDataSource.h */,
				1FFB8E621B8BC28B00042907 /* FAQTableViewDataSource.m */,
				1FFB8E631B8BC28B00042907 /* FAQDetailViewController.h */,
				1FFB8E641B8BC28B00042907 /* FAQDetailViewController.m */,
				1FFB8E651B8BC28B00042907 /* FAQViewController.h */,
				1FFB8E661B8BC28B00042907 /* FAQViewController.m */,
				1FFB8E671B8BC28B00042907 /* FAQs.h */,
				1FFB8E681B8BC28B00042907 /* FAQs.m */,
			);
			name = "FAQ's";
			sourceTree = "<group>";
		};
		1FFB8E6E1B8BC78400042907 /* Main Screen */ = {
			isa = PBXGroup;
			children = (
				1FFB8E3C1B8BBCD000042907 /* MainScreenViewController.h */,
				1FFB8E3D1B8BBCD000042907 /* MainScreenViewController.m */,
				1FFB8E6F1B8BC7BD00042907 /* MainScreenTableViewDataSource.h */,
				1FFB8E701B8BC7BD00042907 /* MainScreenTableViewDataSource.m */,
				1FFB8E721B8BCA1B00042907 /* NewEntryTableViewCell.h */,
				1FFB8E731B8BCA1B00042907 /* NewEntryTableViewCell.m */,
				1FFB8E751B8BD1EF00042907 /* LabelAndSublabelTableViewCell.h */,
				1FFB8E761B8BD1EF00042907 /* LabelAndSublabelTableViewCell.m */,
			);
			name = "Main Screen";
			sourceTree = "<group>";
		};
		1FFB8E781B8BD5B300042907 /* New Entry View Controllers */ = {
			isa = PBXGroup;
			children = (
				1FFB8E791B8BD5E800042907 /* NewEntryViewController.h */,
				1FFB8E7A1B8BD5E800042907 /* NewEntryViewController.m */,
				1F2CBF7B1B8E75F400F23B59 /* WorkTypePickerViewDataSource.h */,
				1F2CBF7C1B8E75F400F23B59 /* WorkTypePickerViewDataSource.m */,
				1F2CBF7E1B8F6D2800F23B59 /* WorkDividePickerViewDataSource.h */,
				1F2CBF7F1B8F6D2800F23B59 /* WorkDividePickerViewDataSource.m */,
			);
			name = "New Entry View Controllers";
			sourceTree = "<group>";
		};
/* End PBXGroup section */

/* Begin PBXNativeTarget section */
		1FFB8E2E1B8BBCD000042907 /* Due-Dates */ = {
			isa = PBXNativeTarget;
			buildConfigurationList = 1FFB8E551B8BBCD100042907 /* Build configuration list for PBXNativeTarget "Due-Dates" */;
			buildPhases = (
				1FFB8E2B1B8BBCD000042907 /* Sources */,
				1FFB8E2C1B8BBCD000042907 /* Frameworks */,
				1FFB8E2D1B8BBCD000042907 /* Resources */,
			);
			buildRules = (
			);
			dependencies = (
			);
			name = "Due-Dates";
			productName = "Due-Dates";
			productReference = 1FFB8E2F1B8BBCD000042907 /* Due-Dates.app */;
			productType = "com.apple.product-type.application";
		};
		1FFB8E4A1B8BBCD100042907 /* Due-DatesTests */ = {
			isa = PBXNativeTarget;
			buildConfigurationList = 1FFB8E581B8BBCD100042907 /* Build configuration list for PBXNativeTarget "Due-DatesTests" */;
			buildPhases = (
				1FFB8E471B8BBCD100042907 /* Sources */,
				1FFB8E481B8BBCD100042907 /* Frameworks */,
				1FFB8E491B8BBCD100042907 /* Resources */,
			);
			buildRules = (
			);
			dependencies = (
				1FFB8E4D1B8BBCD100042907 /* PBXTargetDependency */,
			);
			name = "Due-DatesTests";
			productName = "Due-DatesTests";
			productReference = 1FFB8E4B1B8BBCD100042907 /* Due-DatesTests.xctest */;
			productType = "com.apple.product-type.bundle.unit-test";
		};
/* End PBXNativeTarget section */

/* Begin PBXProject section */
		1FFB8E271B8BBCD000042907 /* Project object */ = {
			isa = PBXProject;
			attributes = {
				LastUpgradeCheck = 0640;
				ORGANIZATIONNAME = "Dev Mountain";
				TargetAttributes = {
					1FFB8E2E1B8BBCD000042907 = {
						CreatedOnToolsVersion = 6.4;
					};
					1FFB8E4A1B8BBCD100042907 = {
						CreatedOnToolsVersion = 6.4;
						TestTargetID = 1FFB8E2E1B8BBCD000042907;
					};
				};
			};
			buildConfigurationList = 1FFB8E2A1B8BBCD000042907 /* Build configuration list for PBXProject "Due-Dates" */;
			compatibilityVersion = "Xcode 3.2";
			developmentRegion = English;
			hasScannedForEncodings = 0;
			knownRegions = (
				en,
				Base,
			);
			mainGroup = 1FFB8E261B8BBCD000042907;
			productRefGroup = 1FFB8E301B8BBCD000042907 /* Products */;
			projectDirPath = "";
			projectRoot = "";
			targets = (
				1FFB8E2E1B8BBCD000042907 /* Due-Dates */,
				1FFB8E4A1B8BBCD100042907 /* Due-DatesTests */,
			);
		};
/* End PBXProject section */

/* Begin PBXResourcesBuildPhase section */
		1FFB8E2D1B8BBCD000042907 /* Resources */ = {
			isa = PBXResourcesBuildPhase;
			buildActionMask = 2147483647;
			files = (
				1FFB8E411B8BBCD000042907 /* Main.storyboard in Resources */,
				1FFB8E461B8BBCD100042907 /* LaunchScreen.xib in Resources */,
				1FFB8E431B8BBCD000042907 /* Images.xcassets in Resources */,
			);
			runOnlyForDeploymentPostprocessing = 0;
		};
		1FFB8E491B8BBCD100042907 /* Resources */ = {
			isa = PBXResourcesBuildPhase;
			buildActionMask = 2147483647;
			files = (
			);
			runOnlyForDeploymentPostprocessing = 0;
		};
/* End PBXResourcesBuildPhase section */

/* Begin PBXSourcesBuildPhase section */
		1FFB8E2B1B8BBCD000042907 /* Sources */ = {
			isa = PBXSourcesBuildPhase;
			buildActionMask = 2147483647;
			files = (
				1F2CBF961B8F841500F23B59 /* Stack.m in Sources */,
				1FFB8E691B8BC28B00042907 /* FAQTableViewDataSource.m in Sources */,
				1FFB8E711B8BC7BD00042907 /* MainScreenTableViewDataSource.m in Sources */,
				1F2CBF6D1B8E190400F23B59 /* ChoresEntryViewController.m in Sources */,
				1F2CBFA81B92347D00F23B59 /* EssayTasksTableViewDataSource.m in Sources */,
				1F2CBF611B8D155A00F23B59 /* EssaysEntryViewController.m in Sources */,
				1FFB8E7B1B8BD5E800042907 /* NewEntryViewController.m in Sources */,
				1F2CBF7D1B8E75F400F23B59 /* WorkTypePickerViewDataSource.m in Sources */,
				1FFB8E6B1B8BC28B00042907 /* FAQViewController.m in Sources */,
				1F65B8891B94F3AC0045715F /* TestsTasksTableViewDataSource.m in Sources */,
				1F2CBF921B8F7F8700F23B59 /* EntryController.m in Sources */,
				1F65B88C1B94F7D50045715F /* ChoresTaskTableViewDataSource.m in Sources */,
				1FFB8E771B8BD1EF00042907 /* LabelAndSublabelTableViewCell.m in Sources */,
				1F2CBF761B8E552B00F23B59 /* Model.xcdatamodeld in Sources */,
				1F2CBFAB1B9234D500F23B59 /* TasksTableViewCell.m in Sources */,
				1F2CBF9C1B8F878F00F23B59 /* Entry.m in Sources */,
				1F2CBF8E1B8F7EBC00F23B59 /* Task.m in Sources */,
				1F65B8861B94E57E0045715F /* ProjectTaskTableViewDataSource.m in Sources */,
				1F2CBF5E1B8D0EA600F23B59 /* HomeworkEntryViewController.m in Sources */,
				1F2CBF701B8E3E4F00F23B59 /* PracticeEntryViewController.m in Sources */,
				1FFB8E381B8BBCD000042907 /* AppDelegate.m in Sources */,
				1FFB8E6A1B8BC28B00042907 /* FAQDetailViewController.m in Sources */,
				1F2CBF801B8F6D2800F23B59 /* WorkDividePickerViewDataSource.m in Sources */,
				1F2CBF6A1B8E13D600F23B59 /* TestsEntryViewController.m in Sources */,
				1FFB8E6C1B8BC28B00042907 /* FAQs.m in Sources */,
				1F2CBF641B8D15C900F23B59 /* EssayWorkDivideTypeTableViewDataSource.m in Sources */,
				1FFB8E3E1B8BBCD000042907 /* MainScreenViewController.m in Sources */,
				1FFB8E351B8BBCD000042907 /* main.m in Sources */,
				1FFB8E741B8BCA1B00042907 /* NewEntryTableViewCell.m in Sources */,
				1F2CBF671B8D393500F23B59 /* ProjectEntryViewController.m in Sources */,
				1F2CBF731B8E4BB200F23B59 /* OtherEntryViewController.m in Sources */,
			);
			runOnlyForDeploymentPostprocessing = 0;
		};
		1FFB8E471B8BBCD100042907 /* Sources */ = {
			isa = PBXSourcesBuildPhase;
			buildActionMask = 2147483647;
			files = (
				1FFB8E521B8BBCD100042907 /* Due_DatesTests.m in Sources */,
			);
			runOnlyForDeploymentPostprocessing = 0;
		};
/* End PBXSourcesBuildPhase section */

/* Begin PBXTargetDependency section */
		1FFB8E4D1B8BBCD100042907 /* PBXTargetDependency */ = {
			isa = PBXTargetDependency;
			target = 1FFB8E2E1B8BBCD000042907 /* Due-Dates */;
			targetProxy = 1FFB8E4C1B8BBCD100042907 /* PBXContainerItemProxy */;
		};
/* End PBXTargetDependency section */

/* Begin PBXVariantGroup section */
		1FFB8E3F1B8BBCD000042907 /* Main.storyboard */ = {
			isa = PBXVariantGroup;
			children = (
				1FFB8E401B8BBCD000042907 /* Base */,
			);
			name = Main.storyboard;
			sourceTree = "<group>";
		};
		1FFB8E441B8BBCD100042907 /* LaunchScreen.xib */ = {
			isa = PBXVariantGroup;
			children = (
				1FFB8E451B8BBCD100042907 /* Base */,
			);
			name = LaunchScreen.xib;
			sourceTree = "<group>";
		};
/* End PBXVariantGroup section */

/* Begin XCBuildConfiguration section */
		1FFB8E531B8BBCD100042907 /* Debug */ = {
			isa = XCBuildConfiguration;
			buildSettings = {
				ALWAYS_SEARCH_USER_PATHS = NO;
				CLANG_CXX_LANGUAGE_STANDARD = "gnu++0x";
				CLANG_CXX_LIBRARY = "libc++";
				CLANG_ENABLE_MODULES = YES;
				CLANG_ENABLE_OBJC_ARC = YES;
				CLANG_WARN_BOOL_CONVERSION = YES;
				CLANG_WARN_CONSTANT_CONVERSION = YES;
				CLANG_WARN_DIRECT_OBJC_ISA_USAGE = YES_ERROR;
				CLANG_WARN_EMPTY_BODY = YES;
				CLANG_WARN_ENUM_CONVERSION = YES;
				CLANG_WARN_INT_CONVERSION = YES;
				CLANG_WARN_OBJC_ROOT_CLASS = YES_ERROR;
				CLANG_WARN_UNREACHABLE_CODE = YES;
				CLANG_WARN__DUPLICATE_METHOD_MATCH = YES;
				"CODE_SIGN_IDENTITY[sdk=iphoneos*]" = "iPhone Developer";
				COPY_PHASE_STRIP = NO;
				DEBUG_INFORMATION_FORMAT = "dwarf-with-dsym";
				ENABLE_STRICT_OBJC_MSGSEND = YES;
				GCC_C_LANGUAGE_STANDARD = gnu99;
				GCC_DYNAMIC_NO_PIC = NO;
				GCC_NO_COMMON_BLOCKS = YES;
				GCC_OPTIMIZATION_LEVEL = 0;
				GCC_PREPROCESSOR_DEFINITIONS = (
					"DEBUG=1",
					"$(inherited)",
				);
				GCC_SYMBOLS_PRIVATE_EXTERN = NO;
				GCC_WARN_64_TO_32_BIT_CONVERSION = YES;
				GCC_WARN_ABOUT_RETURN_TYPE = YES_ERROR;
				GCC_WARN_UNDECLARED_SELECTOR = YES;
				GCC_WARN_UNINITIALIZED_AUTOS = YES_AGGRESSIVE;
				GCC_WARN_UNUSED_FUNCTION = YES;
				GCC_WARN_UNUSED_VARIABLE = YES;
				IPHONEOS_DEPLOYMENT_TARGET = 8.4;
				MTL_ENABLE_DEBUG_INFO = YES;
				ONLY_ACTIVE_ARCH = YES;
				SDKROOT = iphoneos;
			};
			name = Debug;
		};
		1FFB8E541B8BBCD100042907 /* Release */ = {
			isa = XCBuildConfiguration;
			buildSettings = {
				ALWAYS_SEARCH_USER_PATHS = NO;
				CLANG_CXX_LANGUAGE_STANDARD = "gnu++0x";
				CLANG_CXX_LIBRARY = "libc++";
				CLANG_ENABLE_MODULES = YES;
				CLANG_ENABLE_OBJC_ARC = YES;
				CLANG_WARN_BOOL_CONVERSION = YES;
				CLANG_WARN_CONSTANT_CONVERSION = YES;
				CLANG_WARN_DIRECT_OBJC_ISA_USAGE = YES_ERROR;
				CLANG_WARN_EMPTY_BODY = YES;
				CLANG_WARN_ENUM_CONVERSION = YES;
				CLANG_WARN_INT_CONVERSION = YES;
				CLANG_WARN_OBJC_ROOT_CLASS = YES_ERROR;
				CLANG_WARN_UNREACHABLE_CODE = YES;
				CLANG_WARN__DUPLICATE_METHOD_MATCH = YES;
				"CODE_SIGN_IDENTITY[sdk=iphoneos*]" = "iPhone Developer";
				COPY_PHASE_STRIP = NO;
				DEBUG_INFORMATION_FORMAT = "dwarf-with-dsym";
				ENABLE_NS_ASSERTIONS = NO;
				ENABLE_STRICT_OBJC_MSGSEND = YES;
				GCC_C_LANGUAGE_STANDARD = gnu99;
				GCC_NO_COMMON_BLOCKS = YES;
				GCC_WARN_64_TO_32_BIT_CONVERSION = YES;
				GCC_WARN_ABOUT_RETURN_TYPE = YES_ERROR;
				GCC_WARN_UNDECLARED_SELECTOR = YES;
				GCC_WARN_UNINITIALIZED_AUTOS = YES_AGGRESSIVE;
				GCC_WARN_UNUSED_FUNCTION = YES;
				GCC_WARN_UNUSED_VARIABLE = YES;
				IPHONEOS_DEPLOYMENT_TARGET = 8.4;
				MTL_ENABLE_DEBUG_INFO = NO;
				SDKROOT = iphoneos;
				VALIDATE_PRODUCT = YES;
			};
			name = Release;
		};
		1FFB8E561B8BBCD100042907 /* Debug */ = {
			isa = XCBuildConfiguration;
			buildSettings = {
				ASSETCATALOG_COMPILER_APPICON_NAME = AppIcon;
				INFOPLIST_FILE = "Due-Dates/Info.plist";
				LD_RUNPATH_SEARCH_PATHS = "$(inherited) @executable_path/Frameworks";
				PRODUCT_NAME = "$(TARGET_NAME)";
			};
			name = Debug;
		};
		1FFB8E571B8BBCD100042907 /* Release */ = {
			isa = XCBuildConfiguration;
			buildSettings = {
				ASSETCATALOG_COMPILER_APPICON_NAME = AppIcon;
				INFOPLIST_FILE = "Due-Dates/Info.plist";
				LD_RUNPATH_SEARCH_PATHS = "$(inherited) @executable_path/Frameworks";
				PRODUCT_NAME = "$(TARGET_NAME)";
			};
			name = Release;
		};
		1FFB8E591B8BBCD100042907 /* Debug */ = {
			isa = XCBuildConfiguration;
			buildSettings = {
				BUNDLE_LOADER = "$(TEST_HOST)";
				FRAMEWORK_SEARCH_PATHS = (
					"$(SDKROOT)/Developer/Library/Frameworks",
					"$(inherited)",
				);
				GCC_PREPROCESSOR_DEFINITIONS = (
					"DEBUG=1",
					"$(inherited)",
				);
				INFOPLIST_FILE = "Due-DatesTests/Info.plist";
				LD_RUNPATH_SEARCH_PATHS = "$(inherited) @executable_path/Frameworks @loader_path/Frameworks";
				PRODUCT_NAME = "$(TARGET_NAME)";
				TEST_HOST = "$(BUILT_PRODUCTS_DIR)/Due-Dates.app/Due-Dates";
			};
			name = Debug;
		};
		1FFB8E5A1B8BBCD100042907 /* Release */ = {
			isa = XCBuildConfiguration;
			buildSettings = {
				BUNDLE_LOADER = "$(TEST_HOST)";
				FRAMEWORK_SEARCH_PATHS = (
					"$(SDKROOT)/Developer/Library/Frameworks",
					"$(inherited)",
				);
				INFOPLIST_FILE = "Due-DatesTests/Info.plist";
				LD_RUNPATH_SEARCH_PATHS = "$(inherited) @executable_path/Frameworks @loader_path/Frameworks";
				PRODUCT_NAME = "$(TARGET_NAME)";
				TEST_HOST = "$(BUILT_PRODUCTS_DIR)/Due-Dates.app/Due-Dates";
			};
			name = Release;
		};
/* End XCBuildConfiguration section */

/* Begin XCConfigurationList section */
		1FFB8E2A1B8BBCD000042907 /* Build configuration list for PBXProject "Due-Dates" */ = {
			isa = XCConfigurationList;
			buildConfigurations = (
				1FFB8E531B8BBCD100042907 /* Debug */,
				1FFB8E541B8BBCD100042907 /* Release */,
			);
			defaultConfigurationIsVisible = 0;
			defaultConfigurationName = Release;
		};
		1FFB8E551B8BBCD100042907 /* Build configuration list for PBXNativeTarget "Due-Dates" */ = {
			isa = XCConfigurationList;
			buildConfigurations = (
				1FFB8E561B8BBCD100042907 /* Debug */,
				1FFB8E571B8BBCD100042907 /* Release */,
			);
			defaultConfigurationIsVisible = 0;
			defaultConfigurationName = Release;
		};
		1FFB8E581B8BBCD100042907 /* Build configuration list for PBXNativeTarget "Due-DatesTests" */ = {
			isa = XCConfigurationList;
			buildConfigurations = (
				1FFB8E591B8BBCD100042907 /* Debug */,
				1FFB8E5A1B8BBCD100042907 /* Release */,
			);
			defaultConfigurationIsVisible = 0;
			defaultConfigurationName = Release;
		};
/* End XCConfigurationList section */

/* Begin XCVersionGroup section */
		1F2CBF741B8E552B00F23B59 /* Model.xcdatamodeld */ = {
			isa = XCVersionGroup;
			children = (
				1F2CBF751B8E552B00F23B59 /* Model.xcdatamodel */,
			);
			currentVersion = 1F2CBF751B8E552B00F23B59 /* Model.xcdatamodel */;
			path = Model.xcdatamodeld;
			sourceTree = "<group>";
			versionGroupType = wrapper.xcdatamodel;
		};
/* End XCVersionGroup section */
	};
	rootObject = 1FFB8E271B8BBCD000042907 /* Project object */;
}
